<?xml version="1.0" encoding="utf-8"?>
<Project ToolsVersion="15.0" xmlns="http://schemas.microsoft.com/developer/msbuild/2003">
  <ItemGroup>
    <CustomBuild Include="D:\OPENGL_LAB\build\CMakeFiles\7babd1696a7de30d60f90a213500e593\INSTALL_force.rule">
      <Filter>CMake Rules</Filter>
    </CustomBuild>
  </ItemGroup>
  <ItemGroup>
    <Filter Include="CMake Rules">
      <UniqueIdentifier>{BE6FCD04-4F12-3957-BEB9-24A53CEE3A92}</UniqueIdentifier>
    </Filter>
  </ItemGroup>
</Project>
